
Microsoft Visual Studio Solution File, Format Version 12.00
# Visual Studio Version 17
VisualStudioVersion = 17.4.33122.133
MinimumVisualStudioVersion = 10.0.40219.1
Project("{FAE04EC0-301F-11D3-BF4B-00C04F79EFBC}") = "p5rpc.ultrawide", "p5rpc.ultrawide.csproj", "{5AFF16C2-3278-4AA1-A4F7-AA07F0C62565}"
EndProject
Global
	GlobalSection(SolutionConfigurationPlatforms) = preSolution
		Debug|Any CPU = Debug|Any CPU
		Release|Any CPU = Release|Any CPU
	EndGlobalSection
	GlobalSection(ProjectConfigurationPlatforms) = postSolution
		{5AFF16C2-3278-4AA1-A4F7-AA07F0C62565}.Debug|Any CPU.ActiveCfg = Debug|Any CPU
		{5AFF16C2-3278-4AA1-A4F7-AA07F0C62565}.Debug|Any CPU.Build.0 = Debug|Any CPU
		{5AFF16C2-3278-4AA1-A4F7-AA07F0C62565}.Release|Any CPU.ActiveCfg = Release|Any CPU
		{5AFF16C2-3278-4AA1-A4F7-AA07F0C62565}.Release|Any CPU.Build.0 = Release|Any CPU
	EndGlobalSection
	GlobalSection(SolutionProperties) = preSolution
		HideSolutionNode = FALSE
	EndGlobalSection
	GlobalSection(ExtensibilityGlobals) = postSolution
		SolutionGuid = {8C1E767E-3BB9-40A2-A28D-F434FE3CDFB1}
	EndGlobalSection
EndGlobal
